
Microsoft Visual Studio Solution File, Format Version 12.00
# Visual Studio 15
VisualStudioVersion = 15.0.27428.2015
MinimumVisualStudioVersion = 10.0.40219.1
Project("{FAE04EC0-301F-11D3-BF4B-00C04F79EFBC}") = "CreateOrder", "CreateOrder\CreateOrder.csproj", "{375DD375-D9D8-4E88-80D4-4DF96C84D6F7}"
EndProject
Project("{FAE04EC0-301F-11D3-BF4B-00C04F79EFBC}") = "PolyMix.DatabaseLink", "PolyMix.DatabaseLink\PolyMix.DatabaseLink.csproj", "{2F53F7D6-8599-4B5B-B217-7436506FC13F}"
EndProject
Global
	GlobalSection(SolutionConfigurationPlatforms) = preSolution
		Debug|Any CPU = Debug|Any CPU
		Release|Any CPU = Release|Any CPU
	EndGlobalSection
	GlobalSection(ProjectConfigurationPlatforms) = postSolution
		{375DD375-D9D8-4E88-80D4-4DF96C84D6F7}.Debug|Any CPU.ActiveCfg = Debug|Any CPU
		{375DD375-D9D8-4E88-80D4-4DF96C84D6F7}.Debug|Any CPU.Build.0 = Debug|Any CPU
		{375DD375-D9D8-4E88-80D4-4DF96C84D6F7}.Release|Any CPU.ActiveCfg = Release|Any CPU
		{375DD375-D9D8-4E88-80D4-4DF96C84D6F7}.Release|Any CPU.Build.0 = Release|Any CPU
		{2F53F7D6-8599-4B5B-B217-7436506FC13F}.Debug|Any CPU.ActiveCfg = Debug|Any CPU
		{2F53F7D6-8599-4B5B-B217-7436506FC13F}.Debug|Any CPU.Build.0 = Debug|Any CPU
		{2F53F7D6-8599-4B5B-B217-7436506FC13F}.Release|Any CPU.ActiveCfg = Release|Any CPU
		{2F53F7D6-8599-4B5B-B217-7436506FC13F}.Release|Any CPU.Build.0 = Release|Any CPU
	EndGlobalSection
	GlobalSection(SolutionProperties) = preSolution
		HideSolutionNode = FALSE
	EndGlobalSection
	GlobalSection(ExtensibilityGlobals) = postSolution
		SolutionGuid = {AF41DEB8-13F4-47DE-97A1-54EDD290CDC5}
	EndGlobalSection
EndGlobal
